
Microsoft Visual Studio Solution File, Format Version 12.00
# Visual Studio Version 16
VisualStudioVersion = 16.0.30717.126
MinimumVisualStudioVersion = 10.0.40219.1
Project("{FAE04EC0-301F-11D3-BF4B-00C04F79EFBC}") = "SPATest", "SPATest\SPATest.csproj", "{2A112DA7-FE93-4237-BE46-4D3919D7B960}"
EndProject
Global
	GlobalSection(SolutionConfigurationPlatforms) = preSolution
		Debug|Any CPU = Debug|Any CPU
		Release|Any CPU = Release|Any CPU
	EndGlobalSection
	GlobalSection(ProjectConfigurationPlatforms) = postSolution
		{2A112DA7-FE93-4237-BE46-4D3919D7B960}.Debug|Any CPU.ActiveCfg = Debug|Any CPU
		{2A112DA7-FE93-4237-BE46-4D3919D7B960}.Debug|Any CPU.Build.0 = Debug|Any CPU
		{2A112DA7-FE93-4237-BE46-4D3919D7B960}.Release|Any CPU.ActiveCfg = Release|Any CPU
		{2A112DA7-FE93-4237-BE46-4D3919D7B960}.Release|Any CPU.Build.0 = Release|Any CPU
	EndGlobalSection
	GlobalSection(SolutionProperties) = preSolution
		HideSolutionNode = FALSE
	EndGlobalSection
	GlobalSection(ExtensibilityGlobals) = postSolution
		SolutionGuid = {749CFF7A-3814-4BBE-8046-F102A817F608}
	EndGlobalSection
EndGlobal
